
Microsoft Visual Studio Solution File, Format Version 12.00
# Visual Studio 15
VisualStudioVersion = 15.0.27703.2000
MinimumVisualStudioVersion = 10.0.40219.1
Project("{FAE04EC0-301F-11D3-BF4B-00C04F79EFBC}") = "PomeloButterApi", "PomeloButterApi\PomeloButterApi.csproj", "{C04AD02F-FD1D-440D-A519-66F1E0FA5376}"
EndProject
Project("{FAE04EC0-301F-11D3-BF4B-00C04F79EFBC}") = "PomeloButter.Model", "PomeloButter.Model\PomeloButter.Model.csproj", "{E499EEDD-588F-4F0A-A044-31868837D5BB}"
EndProject
Project("{FAE04EC0-301F-11D3-BF4B-00C04F79EFBC}") = "PomeloButter.IRepository", "PomeloButter.IRepository\PomeloButter.IRepository.csproj", "{55862896-F7AB-418D-A591-D4945675BFD2}"
EndProject
Project("{FAE04EC0-301F-11D3-BF4B-00C04F79EFBC}") = "PomeloButter.Repository", "PomeloButter.Repository\PomeloButter.Repository.csproj", "{1B2D2279-73EA-4BED-9FC8-BECA7BB8B75D}"
EndProject
Project("{FAE04EC0-301F-11D3-BF4B-00C04F79EFBC}") = "PomeloButter.IBusiness", "PomeloButter.IBusiness\PomeloButter.IBusiness.csproj", "{247AA563-1667-4080-98C1-0258DC3CEAC9}"
EndProject
Project("{FAE04EC0-301F-11D3-BF4B-00C04F79EFBC}") = "PomeloButter.Business", "PomeloButter.Business\PomeloButter.Business.csproj", "{A6065A1B-49FC-4A29-81F0-4F0D3168D091}"
EndProject
Project("{FAE04EC0-301F-11D3-BF4B-00C04F79EFBC}") = "PomeloButter.DependencyInjection", "PomeloButter.DependencyInjection\PomeloButter.DependencyInjection.csproj", "{33CD5CB2-BEE3-411A-A9B9-1DF602439360}"
EndProject
Global
	GlobalSection(SolutionConfigurationPlatforms) = preSolution
		Debug|Any CPU = Debug|Any CPU
		Release|Any CPU = Release|Any CPU
	EndGlobalSection
	GlobalSection(ProjectConfigurationPlatforms) = postSolution
		{C04AD02F-FD1D-440D-A519-66F1E0FA5376}.Debug|Any CPU.ActiveCfg = Debug|Any CPU
		{C04AD02F-FD1D-440D-A519-66F1E0FA5376}.Debug|Any CPU.Build.0 = Debug|Any CPU
		{C04AD02F-FD1D-440D-A519-66F1E0FA5376}.Release|Any CPU.ActiveCfg = Release|Any CPU
		{C04AD02F-FD1D-440D-A519-66F1E0FA5376}.Release|Any CPU.Build.0 = Release|Any CPU
		{E499EEDD-588F-4F0A-A044-31868837D5BB}.Debug|Any CPU.ActiveCfg = Debug|Any CPU
		{E499EEDD-588F-4F0A-A044-31868837D5BB}.Debug|Any CPU.Build.0 = Debug|Any CPU
		{E499EEDD-588F-4F0A-A044-31868837D5BB}.Release|Any CPU.ActiveCfg = Release|Any CPU
		{E499EEDD-588F-4F0A-A044-31868837D5BB}.Release|Any CPU.Build.0 = Release|Any CPU
		{55862896-F7AB-418D-A591-D4945675BFD2}.Debug|Any CPU.ActiveCfg = Debug|Any CPU
		{55862896-F7AB-418D-A591-D4945675BFD2}.Debug|Any CPU.Build.0 = Debug|Any CPU
		{55862896-F7AB-418D-A591-D4945675BFD2}.Release|Any CPU.ActiveCfg = Release|Any CPU
		{55862896-F7AB-418D-A591-D4945675BFD2}.Release|Any CPU.Build.0 = Release|Any CPU
		{1B2D2279-73EA-4BED-9FC8-BECA7BB8B75D}.Debug|Any CPU.ActiveCfg = Debug|Any CPU
		{1B2D2279-73EA-4BED-9FC8-BECA7BB8B75D}.Debug|Any CPU.Build.0 = Debug|Any CPU
		{1B2D2279-73EA-4BED-9FC8-BECA7BB8B75D}.Release|Any CPU.ActiveCfg = Release|Any CPU
		{1B2D2279-73EA-4BED-9FC8-BECA7BB8B75D}.Release|Any CPU.Build.0 = Release|Any CPU
		{247AA563-1667-4080-98C1-0258DC3CEAC9}.Debug|Any CPU.ActiveCfg = Debug|Any CPU
		{247AA563-1667-4080-98C1-0258DC3CEAC9}.Debug|Any CPU.Build.0 = Debug|Any CPU
		{247AA563-1667-4080-98C1-0258DC3CEAC9}.Release|Any CPU.ActiveCfg = Release|Any CPU
		{247AA563-1667-4080-98C1-0258DC3CEAC9}.Release|Any CPU.Build.0 = Release|Any CPU
		{A6065A1B-49FC-4A29-81F0-4F0D3168D091}.Debug|Any CPU.ActiveCfg = Debug|Any CPU
		{A6065A1B-49FC-4A29-81F0-4F0D3168D091}.Debug|Any CPU.Build.0 = Debug|Any CPU
		{A6065A1B-49FC-4A29-81F0-4F0D3168D091}.Release|Any CPU.ActiveCfg = Release|Any CPU
		{A6065A1B-49FC-4A29-81F0-4F0D3168D091}.Release|Any CPU.Build.0 = Release|Any CPU
		{33CD5CB2-BEE3-411A-A9B9-1DF602439360}.Debug|Any CPU.ActiveCfg = Debug|Any CPU
		{33CD5CB2-BEE3-411A-A9B9-1DF602439360}.Debug|Any CPU.Build.0 = Debug|Any CPU
		{33CD5CB2-BEE3-411A-A9B9-1DF602439360}.Release|Any CPU.ActiveCfg = Release|Any CPU
		{33CD5CB2-BEE3-411A-A9B9-1DF602439360}.Release|Any CPU.Build.0 = Release|Any CPU
	EndGlobalSection
	GlobalSection(SolutionProperties) = preSolution
		HideSolutionNode = FALSE
	EndGlobalSection
	GlobalSection(ExtensibilityGlobals) = postSolution
		SolutionGuid = {1D56E917-7FD9-4382-AB87-227640E26CED}
	EndGlobalSection
EndGlobal
