
Microsoft Visual Studio Solution File, Format Version 12.00
# Visual Studio 15
VisualStudioVersion = 15.0.26730.15
MinimumVisualStudioVersion = 10.0.40219.1
Project("{9A19103F-16F7-4668-BE54-9A1E7A4F7556}") = "Pomelo.Common", "Pomelo.Common\Pomelo.Common.csproj", "{4C056F08-E9E9-4F88-A587-0276A294D394}"
EndProject
Project("{9A19103F-16F7-4668-BE54-9A1E7A4F7556}") = "Pomelo.Api", "Pomelo.Api\Pomelo.Api.csproj", "{FC5F47B1-616E-42F0-9921-2B25080A5FB9}"
EndProject
Project("{9A19103F-16F7-4668-BE54-9A1E7A4F7556}") = "Pomelo.Business", "Pomelo.Business\Pomelo.Business.csproj", "{38F34B56-146C-4F39-B736-F9A8D4A68138}"
EndProject
Project("{9A19103F-16F7-4668-BE54-9A1E7A4F7556}") = "Pomelo.DependencyInjection", "Pomelo.DependencyInjection\Pomelo.DependencyInjection.csproj", "{8AF59173-900E-4539-B02B-8D09CD7D1B72}"
EndProject
Project("{9A19103F-16F7-4668-BE54-9A1E7A4F7556}") = "Pomelo.IBusiness", "Pomelo.IBusiness\Pomelo.IBusiness.csproj", "{8B7374FF-BA2D-4674-AEF1-597BF28BE4F3}"
EndProject
Project("{9A19103F-16F7-4668-BE54-9A1E7A4F7556}") = "Pomelo.IRepository", "Pomelo.IRepository\Pomelo.IRepository.csproj", "{DD2B3FE0-707F-4E48-A483-02AD606B4DAD}"
EndProject
Project("{9A19103F-16F7-4668-BE54-9A1E7A4F7556}") = "Pomelo.Model", "Pomelo.Model\Pomelo.Model.csproj", "{9E4D0306-9E0D-4C5C-85E5-F400BEF37FD6}"
EndProject
Project("{9A19103F-16F7-4668-BE54-9A1E7A4F7556}") = "Pomelo.Repository", "Pomelo.Repository\Pomelo.Repository.csproj", "{B4BA1934-53D7-4267-BF48-E12249C72DFD}"
EndProject
Global
	GlobalSection(SolutionConfigurationPlatforms) = preSolution
		Debug|Any CPU = Debug|Any CPU
		Release|Any CPU = Release|Any CPU
	EndGlobalSection
	GlobalSection(ProjectConfigurationPlatforms) = postSolution
		{4C056F08-E9E9-4F88-A587-0276A294D394}.Debug|Any CPU.ActiveCfg = Debug|Any CPU
		{4C056F08-E9E9-4F88-A587-0276A294D394}.Debug|Any CPU.Build.0 = Debug|Any CPU
		{4C056F08-E9E9-4F88-A587-0276A294D394}.Release|Any CPU.ActiveCfg = Release|Any CPU
		{4C056F08-E9E9-4F88-A587-0276A294D394}.Release|Any CPU.Build.0 = Release|Any CPU
		{FC5F47B1-616E-42F0-9921-2B25080A5FB9}.Debug|Any CPU.ActiveCfg = Debug|Any CPU
		{FC5F47B1-616E-42F0-9921-2B25080A5FB9}.Debug|Any CPU.Build.0 = Debug|Any CPU
		{FC5F47B1-616E-42F0-9921-2B25080A5FB9}.Release|Any CPU.ActiveCfg = Release|Any CPU
		{FC5F47B1-616E-42F0-9921-2B25080A5FB9}.Release|Any CPU.Build.0 = Release|Any CPU
		{38F34B56-146C-4F39-B736-F9A8D4A68138}.Debug|Any CPU.ActiveCfg = Debug|Any CPU
		{38F34B56-146C-4F39-B736-F9A8D4A68138}.Debug|Any CPU.Build.0 = Debug|Any CPU
		{38F34B56-146C-4F39-B736-F9A8D4A68138}.Release|Any CPU.ActiveCfg = Release|Any CPU
		{38F34B56-146C-4F39-B736-F9A8D4A68138}.Release|Any CPU.Build.0 = Release|Any CPU
		{8AF59173-900E-4539-B02B-8D09CD7D1B72}.Debug|Any CPU.ActiveCfg = Debug|Any CPU
		{8AF59173-900E-4539-B02B-8D09CD7D1B72}.Debug|Any CPU.Build.0 = Debug|Any CPU
		{8AF59173-900E-4539-B02B-8D09CD7D1B72}.Release|Any CPU.ActiveCfg = Release|Any CPU
		{8AF59173-900E-4539-B02B-8D09CD7D1B72}.Release|Any CPU.Build.0 = Release|Any CPU
		{8B7374FF-BA2D-4674-AEF1-597BF28BE4F3}.Debug|Any CPU.ActiveCfg = Debug|Any CPU
		{8B7374FF-BA2D-4674-AEF1-597BF28BE4F3}.Debug|Any CPU.Build.0 = Debug|Any CPU
		{8B7374FF-BA2D-4674-AEF1-597BF28BE4F3}.Release|Any CPU.ActiveCfg = Release|Any CPU
		{8B7374FF-BA2D-4674-AEF1-597BF28BE4F3}.Release|Any CPU.Build.0 = Release|Any CPU
		{DD2B3FE0-707F-4E48-A483-02AD606B4DAD}.Debug|Any CPU.ActiveCfg = Debug|Any CPU
		{DD2B3FE0-707F-4E48-A483-02AD606B4DAD}.Debug|Any CPU.Build.0 = Debug|Any CPU
		{DD2B3FE0-707F-4E48-A483-02AD606B4DAD}.Release|Any CPU.ActiveCfg = Release|Any CPU
		{DD2B3FE0-707F-4E48-A483-02AD606B4DAD}.Release|Any CPU.Build.0 = Release|Any CPU
		{9E4D0306-9E0D-4C5C-85E5-F400BEF37FD6}.Debug|Any CPU.ActiveCfg = Debug|Any CPU
		{9E4D0306-9E0D-4C5C-85E5-F400BEF37FD6}.Debug|Any CPU.Build.0 = Debug|Any CPU
		{9E4D0306-9E0D-4C5C-85E5-F400BEF37FD6}.Release|Any CPU.ActiveCfg = Release|Any CPU
		{9E4D0306-9E0D-4C5C-85E5-F400BEF37FD6}.Release|Any CPU.Build.0 = Release|Any CPU
		{B4BA1934-53D7-4267-BF48-E12249C72DFD}.Debug|Any CPU.ActiveCfg = Debug|Any CPU
		{B4BA1934-53D7-4267-BF48-E12249C72DFD}.Debug|Any CPU.Build.0 = Debug|Any CPU
		{B4BA1934-53D7-4267-BF48-E12249C72DFD}.Release|Any CPU.ActiveCfg = Release|Any CPU
		{B4BA1934-53D7-4267-BF48-E12249C72DFD}.Release|Any CPU.Build.0 = Release|Any CPU
	EndGlobalSection
	GlobalSection(SolutionProperties) = preSolution
		HideSolutionNode = FALSE
	EndGlobalSection
	GlobalSection(ExtensibilityGlobals) = postSolution
		SolutionGuid = {CF4A510B-3CD6-471F-B02C-99A0FA743917}
	EndGlobalSection
EndGlobal
